
Microsoft Visual Studio Solution File, Format Version 12.00
# Visual Studio Version 16
VisualStudioVersion = 16.0.32126.315
MinimumVisualStudioVersion = 10.0.40219.1
Project("{FAE04EC0-301F-11D3-BF4B-00C04F79EFBC}") = "eTickets", "eTickets\eTickets.csproj", "{CECED777-8A13-48D1-B752-C214D25B2A44}"
EndProject
Global
	GlobalSection(SolutionConfigurationPlatforms) = preSolution
		Debug|Any CPU = Debug|Any CPU
		Release|Any CPU = Release|Any CPU
	EndGlobalSection
	GlobalSection(ProjectConfigurationPlatforms) = postSolution
		{CECED777-8A13-48D1-B752-C214D25B2A44}.Debug|Any CPU.ActiveCfg = Debug|Any CPU
		{CECED777-8A13-48D1-B752-C214D25B2A44}.Debug|Any CPU.Build.0 = Debug|Any CPU
		{CECED777-8A13-48D1-B752-C214D25B2A44}.Release|Any CPU.ActiveCfg = Release|Any CPU
		{CECED777-8A13-48D1-B752-C214D25B2A44}.Release|Any CPU.Build.0 = Release|Any CPU
	EndGlobalSection
	GlobalSection(SolutionProperties) = preSolution
		HideSolutionNode = FALSE
	EndGlobalSection
	GlobalSection(ExtensibilityGlobals) = postSolution
		SolutionGuid = {651942BF-4EB7-4F1E-BC19-F37D00946BA5}
	EndGlobalSection
EndGlobal
